
Microsoft Visual Studio Solution File, Format Version 12.00
# Visual Studio Version 16
VisualStudioVersion = 16.0.29215.179
MinimumVisualStudioVersion = 10.0.40219.1
Project("{FAE04EC0-301F-11D3-BF4B-00C04F79EFBC}") = "MainApp", "MainApp.csproj", "{A150BAA0-5996-478E-88C9-71E55C42B9A5}"
EndProject
Global
	GlobalSection(SolutionConfigurationPlatforms) = preSolution
		Debug|Any CPU = Debug|Any CPU
		Debug|x86 = Debug|x86
		Release|Any CPU = Release|Any CPU
		Release|x86 = Release|x86
	EndGlobalSection
	GlobalSection(ProjectConfigurationPlatforms) = postSolution
		{A150BAA0-5996-478E-88C9-71E55C42B9A5}.Debug|Any CPU.ActiveCfg = Debug|Any CPU
		{A150BAA0-5996-478E-88C9-71E55C42B9A5}.Debug|Any CPU.Build.0 = Debug|Any CPU
		{A150BAA0-5996-478E-88C9-71E55C42B9A5}.Debug|x86.ActiveCfg = Debug|Any CPU
		{A150BAA0-5996-478E-88C9-71E55C42B9A5}.Debug|x86.Build.0 = Debug|Any CPU
		{A150BAA0-5996-478E-88C9-71E55C42B9A5}.Release|Any CPU.ActiveCfg = Release|Any CPU
		{A150BAA0-5996-478E-88C9-71E55C42B9A5}.Release|Any CPU.Build.0 = Release|Any CPU
		{A150BAA0-5996-478E-88C9-71E55C42B9A5}.Release|x86.ActiveCfg = Release|Any CPU
		{A150BAA0-5996-478E-88C9-71E55C42B9A5}.Release|x86.Build.0 = Release|Any CPU
	EndGlobalSection
	GlobalSection(SolutionProperties) = preSolution
		HideSolutionNode = FALSE
	EndGlobalSection
	GlobalSection(ExtensibilityGlobals) = postSolution
		SolutionGuid = {E95DA0B1-3A00-45E4-987F-9A87659451F0}
	EndGlobalSection
EndGlobal
