
Microsoft Visual Studio Solution File, Format Version 12.00
# Visual Studio Version 16
VisualStudioVersion = 16.0.30320.27
MinimumVisualStudioVersion = 10.0.40219.1
Project("{FAE04EC0-301F-11D3-BF4B-00C04F79EFBC}") = "DummyLaser", "DummyLaser.csproj", "{73116093-3F23-4384-9D63-D89E1B030B67}"
EndProject
Global
	GlobalSection(SolutionConfigurationPlatforms) = preSolution
		Debug|Any CPU = Debug|Any CPU
		Release|Any CPU = Release|Any CPU
	EndGlobalSection
	GlobalSection(ProjectConfigurationPlatforms) = postSolution
		{73116093-3F23-4384-9D63-D89E1B030B67}.Debug|Any CPU.ActiveCfg = Debug|Any CPU
		{73116093-3F23-4384-9D63-D89E1B030B67}.Debug|Any CPU.Build.0 = Debug|Any CPU
		{73116093-3F23-4384-9D63-D89E1B030B67}.Release|Any CPU.ActiveCfg = Release|Any CPU
		{73116093-3F23-4384-9D63-D89E1B030B67}.Release|Any CPU.Build.0 = Release|Any CPU
	EndGlobalSection
	GlobalSection(SolutionProperties) = preSolution
		HideSolutionNode = FALSE
	EndGlobalSection
	GlobalSection(ExtensibilityGlobals) = postSolution
		SolutionGuid = {F4171672-BA9D-4F74-B8E1-E0EA50BE5E20}
	EndGlobalSection
EndGlobal
