
Microsoft Visual Studio Solution File, Format Version 12.00
# Visual Studio Version 16
VisualStudioVersion = 16.0.29911.84
MinimumVisualStudioVersion = 10.0.40219.1
Project("{FAE04EC0-301F-11D3-BF4B-00C04F79EFBC}") = "DummySensor", "DummySensor.csproj", "{69400459-A263-4557-BBC2-CA161BA0DF81}"
EndProject
Global
	GlobalSection(SolutionConfigurationPlatforms) = preSolution
		Debug|Any CPU = Debug|Any CPU
		Release|Any CPU = Release|Any CPU
	EndGlobalSection
	GlobalSection(ProjectConfigurationPlatforms) = postSolution
		{69400459-A263-4557-BBC2-CA161BA0DF81}.Debug|Any CPU.ActiveCfg = Debug|Any CPU
		{69400459-A263-4557-BBC2-CA161BA0DF81}.Debug|Any CPU.Build.0 = Debug|Any CPU
		{69400459-A263-4557-BBC2-CA161BA0DF81}.Release|Any CPU.ActiveCfg = Release|Any CPU
		{69400459-A263-4557-BBC2-CA161BA0DF81}.Release|Any CPU.Build.0 = Release|Any CPU
	EndGlobalSection
	GlobalSection(SolutionProperties) = preSolution
		HideSolutionNode = FALSE
	EndGlobalSection
	GlobalSection(ExtensibilityGlobals) = postSolution
		SolutionGuid = {AA514262-2EC9-4799-929A-1591B2575A78}
	EndGlobalSection
EndGlobal
